
Microsoft Visual Studio Solution File, Format Version 12.00
# Visual Studio Version 16
VisualStudioVersion = 16.0.35130.168
MinimumVisualStudioVersion = 10.0.40219.1
Project("{FAE04EC0-301F-11D3-BF4B-00C04F79EFBC}") = "QuanLyCinema", "QuanLyCinema\QuanLyCinema.csproj", "{79B070DA-3825-49AA-9676-68F8DF9C3404}"
EndProject
Global
	GlobalSection(SolutionConfigurationPlatforms) = preSolution
		Debug|Any CPU = Debug|Any CPU
		Release|Any CPU = Release|Any CPU
	EndGlobalSection
	GlobalSection(ProjectConfigurationPlatforms) = postSolution
		{79B070DA-3825-49AA-9676-68F8DF9C3404}.Debug|Any CPU.ActiveCfg = Debug|Any CPU
		{79B070DA-3825-49AA-9676-68F8DF9C3404}.Debug|Any CPU.Build.0 = Debug|Any CPU
		{79B070DA-3825-49AA-9676-68F8DF9C3404}.Release|Any CPU.ActiveCfg = Release|Any CPU
		{79B070DA-3825-49AA-9676-68F8DF9C3404}.Release|Any CPU.Build.0 = Release|Any CPU
	EndGlobalSection
	GlobalSection(SolutionProperties) = preSolution
		HideSolutionNode = FALSE
	EndGlobalSection
	GlobalSection(ExtensibilityGlobals) = postSolution
		SolutionGuid = {4C8525F1-B5C0-4FD9-9D91-C09E00023F8A}
	EndGlobalSection
EndGlobal
